Microsoft Visual Studio Solution File, Format Version 12.00
# Visual Studio Version 17
VisualStudioVersion = 17.5.2.0
MinimumVisualStudioVersion = 10.0.40219.1
Project("{FAE04EC0-301F-11D3-BF4B-00C04F79EFBC}") = "player", "player.csproj", "{8AE96148-D438-4E4D-A9F8-1E802450794B}"
EndProject
Global
	GlobalSection(SolutionConfigurationPlatforms) = preSolution
		Debug|Any CPU = Debug|Any CPU
		Release|Any CPU = Release|Any CPU
	EndGlobalSection
	GlobalSection(ProjectConfigurationPlatforms) = postSolution
		{8AE96148-D438-4E4D-A9F8-1E802450794B}.Debug|Any CPU.ActiveCfg = Debug|Any CPU
		{8AE96148-D438-4E4D-A9F8-1E802450794B}.Debug|Any CPU.Build.0 = Debug|Any CPU
		{8AE96148-D438-4E4D-A9F8-1E802450794B}.Release|Any CPU.ActiveCfg = Release|Any CPU
		{8AE96148-D438-4E4D-A9F8-1E802450794B}.Release|Any CPU.Build.0 = Release|Any CPU
	EndGlobalSection
	GlobalSection(SolutionProperties) = preSolution
		HideSolutionNode = FALSE
	EndGlobalSection
	GlobalSection(ExtensibilityGlobals) = postSolution
		SolutionGuid = {A7062F8D-DCD7-46C1-AD57-A028F7535152}
	EndGlobalSection
EndGlobal
